Microsoft Visual Studio Solution File, Format Version 12.00
# Visual Studio Version 17
VisualStudioVersion = 17.0.31903.59
MinimumVisualStudioVersion = 10.0.40219.1
Project("{FAE04EC0-301F-11D3-BF4B-00C04F79EFBC}") = "Blog.Web.API", "Blog.Web.API\Blog.Web.API.csproj", "{E17E5845-DE9F-49BC-A8E3-017817F0A5D4}"
EndProject
Project("{FAE04EC0-301F-11D3-BF4B-00C04F79EFBC}") = "Blog.Web.UI", "Blog.Web.UI\Blog.Web.UI.csproj", "{BC82A232-9863-40C9-9556-719B6C03005F}"
EndProject
Global
	GlobalSection(SolutionConfigurationPlatforms) = preSolution
		Debug|Any CPU = Debug|Any CPU
		Release|Any CPU = Release|Any CPU
	EndGlobalSection
	GlobalSection(SolutionProperties) = preSolution
		HideSolutionNode = FALSE
	EndGlobalSection
	GlobalSection(ProjectConfigurationPlatforms) = postSolution
		{E17E5845-DE9F-49BC-A8E3-017817F0A5D4}.Debug|Any CPU.ActiveCfg = Debug|Any CPU
		{E17E5845-DE9F-49BC-A8E3-017817F0A5D4}.Debug|Any CPU.Build.0 = Debug|Any CPU
		{E17E5845-DE9F-49BC-A8E3-017817F0A5D4}.Release|Any CPU.ActiveCfg = Release|Any CPU
		{E17E5845-DE9F-49BC-A8E3-017817F0A5D4}.Release|Any CPU.Build.0 = Release|Any CPU
		{BC82A232-9863-40C9-9556-719B6C03005F}.Debug|Any CPU.ActiveCfg = Debug|Any CPU
		{BC82A232-9863-40C9-9556-719B6C03005F}.Debug|Any CPU.Build.0 = Debug|Any CPU
		{BC82A232-9863-40C9-9556-719B6C03005F}.Release|Any CPU.ActiveCfg = Release|Any CPU
		{BC82A232-9863-40C9-9556-719B6C03005F}.Release|Any CPU.Build.0 = Release|Any CPU
	EndGlobalSection
EndGlobal
